
Microsoft Visual Studio Solution File, Format Version 12.00
# Visual Studio 14
VisualStudioVersion = 14.0.25420.1
MinimumVisualStudioVersion = 10.0.40219.1
Project("{FAE04EC0-301F-11D3-BF4B-00C04F79EFBC}") = "RedGateProject", "ConsoleApplication2\RedGateProject.csproj", "{2236FFBC-ABD1-450B-BB78-21F62BBEBE6E}"
EndProject
Project("{FAE04EC0-301F-11D3-BF4B-00C04F79EFBC}") = "RedGateProjectTests", "CharacterReaderTests\RedGateProjectTests.csproj", "{A5E9A834-D886-470F-BFD4-D5C30F0D9496}"
EndProject
Global
	GlobalSection(SolutionConfigurationPlatforms) = preSolution
		Debug|Any CPU = Debug|Any CPU
		Release|Any CPU = Release|Any CPU
	EndGlobalSection
	GlobalSection(ProjectConfigurationPlatforms) = postSolution
		{2236FFBC-ABD1-450B-BB78-21F62BBEBE6E}.Debug|Any CPU.ActiveCfg = Debug|Any CPU
		{2236FFBC-ABD1-450B-BB78-21F62BBEBE6E}.Debug|Any CPU.Build.0 = Debug|Any CPU
		{2236FFBC-ABD1-450B-BB78-21F62BBEBE6E}.Release|Any CPU.ActiveCfg = Release|Any CPU
		{2236FFBC-ABD1-450B-BB78-21F62BBEBE6E}.Release|Any CPU.Build.0 = Release|Any CPU
		{A5E9A834-D886-470F-BFD4-D5C30F0D9496}.Debug|Any CPU.ActiveCfg = Debug|Any CPU
		{A5E9A834-D886-470F-BFD4-D5C30F0D9496}.Debug|Any CPU.Build.0 = Debug|Any CPU
		{A5E9A834-D886-470F-BFD4-D5C30F0D9496}.Release|Any CPU.ActiveCfg = Release|Any CPU
		{A5E9A834-D886-470F-BFD4-D5C30F0D9496}.Release|Any CPU.Build.0 = Release|Any CPU
	EndGlobalSection
	GlobalSection(SolutionProperties) = preSolution
		HideSolutionNode = FALSE
	EndGlobalSection
EndGlobal
